
Microsoft Visual Studio Solution File, Format Version 12.00
# Visual Studio Version 16
VisualStudioVersion = 16.0.31613.86
MinimumVisualStudioVersion = 10.0.40219.1
Project("{FAE04EC0-301F-11D3-BF4B-00C04F79EFBC}") = "LoginMVCApplication", "LoginMVCApplication\LoginMVCApplication.csproj", "{0D0F6868-BFA7-422D-A00C-63E5FA496B8F}"
EndProject
Global
	GlobalSection(SolutionConfigurationPlatforms) = preSolution
		Debug|Any CPU = Debug|Any CPU
		Release|Any CPU = Release|Any CPU
	EndGlobalSection
	GlobalSection(ProjectConfigurationPlatforms) = postSolution
		{0D0F6868-BFA7-422D-A00C-63E5FA496B8F}.Debug|Any CPU.ActiveCfg = Debug|Any CPU
		{0D0F6868-BFA7-422D-A00C-63E5FA496B8F}.Debug|Any CPU.Build.0 = Debug|Any CPU
		{0D0F6868-BFA7-422D-A00C-63E5FA496B8F}.Release|Any CPU.ActiveCfg = Release|Any CPU
		{0D0F6868-BFA7-422D-A00C-63E5FA496B8F}.Release|Any CPU.Build.0 = Release|Any CPU
	EndGlobalSection
	GlobalSection(SolutionProperties) = preSolution
		HideSolutionNode = FALSE
	EndGlobalSection
	GlobalSection(ExtensibilityGlobals) = postSolution
		SolutionGuid = {302EB638-1914-4252-88FA-82E09954E6C5}
	EndGlobalSection
EndGlobal
